
Microsoft Visual Studio Solution File, Format Version 12.00
# Visual Studio 15
VisualStudioVersion = 15.0.27004.2005
MinimumVisualStudioVersion = 10.0.40219.1
Project("{9A19103F-16F7-4668-BE54-9A1E7A4F7556}") = "CMS.Core", "CMS.Core\CMS.Core.csproj", "{DE2275BD-C12D-441C-B5E7-A5EE4ECA9475}"
EndProject
Project("{9A19103F-16F7-4668-BE54-9A1E7A4F7556}") = "CMS.Entities", "CMS.Entities\CMS.Entities.csproj", "{E5B00A9E-E5D0-4DE1-94F2-A6AE8B882BB9}"
EndProject
Project("{9A19103F-16F7-4668-BE54-9A1E7A4F7556}") = "CMS.DataAccess", "CMS.DataAccess\CMS.DataAccess.csproj", "{B08D8BD7-9B55-46E7-8121-D3EA74818A19}"
EndProject
Project("{9A19103F-16F7-4668-BE54-9A1E7A4F7556}") = "CMS.Business", "CMS.Business\CMS.Business.csproj", "{7249C719-248A-4A94-81B7-03C676F724BE}"
EndProject
Project("{FAE04EC0-301F-11D3-BF4B-00C04F79EFBC}") = "CMS.UI", "CMS.UI\CMS.UI.csproj", "{6DB52F6B-000E-49B5-8887-2DED87B15859}"
EndProject
Global
	GlobalSection(SolutionConfigurationPlatforms) = preSolution
		Debug|Any CPU = Debug|Any CPU
		Release|Any CPU = Release|Any CPU
	EndGlobalSection
	GlobalSection(ProjectConfigurationPlatforms) = postSolution
		{DE2275BD-C12D-441C-B5E7-A5EE4ECA9475}.Debug|Any CPU.ActiveCfg = Debug|Any CPU
		{DE2275BD-C12D-441C-B5E7-A5EE4ECA9475}.Debug|Any CPU.Build.0 = Debug|Any CPU
		{DE2275BD-C12D-441C-B5E7-A5EE4ECA9475}.Release|Any CPU.ActiveCfg = Release|Any CPU
		{DE2275BD-C12D-441C-B5E7-A5EE4ECA9475}.Release|Any CPU.Build.0 = Release|Any CPU
		{E5B00A9E-E5D0-4DE1-94F2-A6AE8B882BB9}.Debug|Any CPU.ActiveCfg = Debug|Any CPU
		{E5B00A9E-E5D0-4DE1-94F2-A6AE8B882BB9}.Debug|Any CPU.Build.0 = Debug|Any CPU
		{E5B00A9E-E5D0-4DE1-94F2-A6AE8B882BB9}.Release|Any CPU.ActiveCfg = Release|Any CPU
		{E5B00A9E-E5D0-4DE1-94F2-A6AE8B882BB9}.Release|Any CPU.Build.0 = Release|Any CPU
		{B08D8BD7-9B55-46E7-8121-D3EA74818A19}.Debug|Any CPU.ActiveCfg = Debug|Any CPU
		{B08D8BD7-9B55-46E7-8121-D3EA74818A19}.Debug|Any CPU.Build.0 = Debug|Any CPU
		{B08D8BD7-9B55-46E7-8121-D3EA74818A19}.Release|Any CPU.ActiveCfg = Release|Any CPU
		{B08D8BD7-9B55-46E7-8121-D3EA74818A19}.Release|Any CPU.Build.0 = Release|Any CPU
		{7249C719-248A-4A94-81B7-03C676F724BE}.Debug|Any CPU.ActiveCfg = Debug|Any CPU
		{7249C719-248A-4A94-81B7-03C676F724BE}.Debug|Any CPU.Build.0 = Debug|Any CPU
		{7249C719-248A-4A94-81B7-03C676F724BE}.Release|Any CPU.ActiveCfg = Release|Any CPU
		{7249C719-248A-4A94-81B7-03C676F724BE}.Release|Any CPU.Build.0 = Release|Any CPU
		{6DB52F6B-000E-49B5-8887-2DED87B15859}.Debug|Any CPU.ActiveCfg = Debug|Any CPU
		{6DB52F6B-000E-49B5-8887-2DED87B15859}.Debug|Any CPU.Build.0 = Debug|Any CPU
		{6DB52F6B-000E-49B5-8887-2DED87B15859}.Release|Any CPU.ActiveCfg = Release|Any CPU
		{6DB52F6B-000E-49B5-8887-2DED87B15859}.Release|Any CPU.Build.0 = Release|Any CPU
	EndGlobalSection
	GlobalSection(SolutionProperties) = preSolution
		HideSolutionNode = FALSE
	EndGlobalSection
	GlobalSection(ExtensibilityGlobals) = postSolution
		SolutionGuid = {012ECDC4-D65A-4839-87E5-95C8F2F7D336}
	EndGlobalSection
EndGlobal
